
Microsoft Visual Studio Solution File, Format Version 12.00
# Visual Studio Version 17
VisualStudioVersion = 17.13.35919.96
MinimumVisualStudioVersion = 10.0.40219.1
Project("{FAE04EC0-301F-11D3-BF4B-00C04F79EFBC}") = "MVCMediaShareAppNew", "az204mediashareapp\MVCMediaShareAppNew.csproj", "{12F32D78-9551-8CCB-991A-6313A9C97CC1}"
EndProject
Project("{FAE04EC0-301F-11D3-BF4B-00C04F79EFBC}") = "ImageProcessor", "imageprocessor\ImageProcessor.csproj", "{2F58F5FB-518F-51D1-F119-20F89CF0EA27}"
EndProject
Global
	GlobalSection(SolutionConfigurationPlatforms) = preSolution
		Debug|Any CPU = Debug|Any CPU
		Release|Any CPU = Release|Any CPU
	EndGlobalSection
	GlobalSection(ProjectConfigurationPlatforms) = postSolution
		{12F32D78-9551-8CCB-991A-6313A9C97CC1}.Debug|Any CPU.ActiveCfg = Debug|Any CPU
		{12F32D78-9551-8CCB-991A-6313A9C97CC1}.Debug|Any CPU.Build.0 = Debug|Any CPU
		{12F32D78-9551-8CCB-991A-6313A9C97CC1}.Release|Any CPU.ActiveCfg = Release|Any CPU
		{12F32D78-9551-8CCB-991A-6313A9C97CC1}.Release|Any CPU.Build.0 = Release|Any CPU
		{2F58F5FB-518F-51D1-F119-20F89CF0EA27}.Debug|Any CPU.ActiveCfg = Debug|Any CPU
		{2F58F5FB-518F-51D1-F119-20F89CF0EA27}.Debug|Any CPU.Build.0 = Debug|Any CPU
		{2F58F5FB-518F-51D1-F119-20F89CF0EA27}.Release|Any CPU.ActiveCfg = Release|Any CPU
		{2F58F5FB-518F-51D1-F119-20F89CF0EA27}.Release|Any CPU.Build.0 = Release|Any CPU
	EndGlobalSection
	GlobalSection(SolutionProperties) = preSolution
		HideSolutionNode = FALSE
	EndGlobalSection
	GlobalSection(ExtensibilityGlobals) = postSolution
		SolutionGuid = {0E94A71D-7028-4238-BB5B-4580742FB042}
	EndGlobalSection
EndGlobal
